github.com/adityatelange/hugo-PaperMod v0.0.0-20210707111750-664299cc7cf9 h1:W4LD9Aq0aar56peHbq5rMETeUC0sr4+ec80maXTTSVU=
github.com/adityatelange/hugo-PaperMod v0.0.0-20210707111750-664299cc7cf9/go.mod h1:HCHxNMKYdGafUYjVV3ICiAqznZK2yH0iI53jqcDFDdQ=
github.com/gethugothemes/bookworm-light v1.1.0 h1:zLvNS0g1lnjcLOwftEZW+kr6Uq1ZgKeKd9BfexAhZBs=
github.com/gethugothemes/bookworm-light v1.1.0/go.mod h1:zHQzwUnft0Orkj1URRK2allQZAQSNe5aeTaPOm1p3BA=
github.com/themefisher/parsa-hugo v0.0.0-20210930161514-486fffcb3342 h1:aWbLWzmB+EcQKhxmotlxrxkdVdYGCekR5tT8EcatlZM=
github.com/themefisher/parsa-hugo v0.0.0-20210930161514-486fffcb3342/go.mod h1:hcXIAkHLcr4nTJr8GHEEKBmhFec29LL2PE9TMOetZ/U=
